
Microsoft Visual Studio Solution File, Format Version 12.00
Project("{2150E333-8FDC-42A3-9474-1A3956D46DE8}") = "src", "src", "{9FAD106E-4E21-4259-AB56-20373C19B89E}"
EndProject
Project("{FAE04EC0-301F-11D3-BF4B-00C04F79EFBC}") = "Domain", "Domain\Domain.csproj", "{CD3D0748-CFB7-4879-B117-C9E4C5A7189D}"
EndProject
Project("{FAE04EC0-301F-11D3-BF4B-00C04F79EFBC}") = "Application", "Application\Application.csproj", "{85C4D395-6E3E-4E0A-95A0-6DB658129537}"
EndProject
Project("{FAE04EC0-301F-11D3-BF4B-00C04F79EFBC}") = "Infrastructure", "Infrastructure\Infrastructure.csproj", "{2A2BFF80-A00E-4143-80F6-1DDCFA4BE167}"
EndProject
Project("{FAE04EC0-301F-11D3-BF4B-00C04F79EFBC}") = "Web", "Web\Web.csproj", "{14C567FE-E55A-47A5-ABEF-00D3144DAB5D}"
EndProject
Project("{2150E333-8FDC-42A3-9474-1A3956D46DE8}") = "tests", "tests", "{A9B6F653-7EAB-44BA-8567-0C4FD3915114}"
EndProject
Global
	GlobalSection(SolutionConfigurationPlatforms) = preSolution
		Debug|Any CPU = Debug|Any CPU
		Release|Any CPU = Release|Any CPU
	EndGlobalSection
	GlobalSection(NestedProjects) = preSolution
		{CD3D0748-CFB7-4879-B117-C9E4C5A7189D} = {9FAD106E-4E21-4259-AB56-20373C19B89E}
		{85C4D395-6E3E-4E0A-95A0-6DB658129537} = {9FAD106E-4E21-4259-AB56-20373C19B89E}
		{2A2BFF80-A00E-4143-80F6-1DDCFA4BE167} = {9FAD106E-4E21-4259-AB56-20373C19B89E}
		{14C567FE-E55A-47A5-ABEF-00D3144DAB5D} = {9FAD106E-4E21-4259-AB56-20373C19B89E}
	EndGlobalSection
	GlobalSection(ProjectConfigurationPlatforms) = postSolution
		{CD3D0748-CFB7-4879-B117-C9E4C5A7189D}.Debug|Any CPU.ActiveCfg = Debug|Any CPU
		{CD3D0748-CFB7-4879-B117-C9E4C5A7189D}.Debug|Any CPU.Build.0 = Debug|Any CPU
		{CD3D0748-CFB7-4879-B117-C9E4C5A7189D}.Release|Any CPU.ActiveCfg = Release|Any CPU
		{CD3D0748-CFB7-4879-B117-C9E4C5A7189D}.Release|Any CPU.Build.0 = Release|Any CPU
		{85C4D395-6E3E-4E0A-95A0-6DB658129537}.Debug|Any CPU.ActiveCfg = Debug|Any CPU
		{85C4D395-6E3E-4E0A-95A0-6DB658129537}.Debug|Any CPU.Build.0 = Debug|Any CPU
		{85C4D395-6E3E-4E0A-95A0-6DB658129537}.Release|Any CPU.ActiveCfg = Release|Any CPU
		{85C4D395-6E3E-4E0A-95A0-6DB658129537}.Release|Any CPU.Build.0 = Release|Any CPU
		{2A2BFF80-A00E-4143-80F6-1DDCFA4BE167}.Debug|Any CPU.ActiveCfg = Debug|Any CPU
		{2A2BFF80-A00E-4143-80F6-1DDCFA4BE167}.Debug|Any CPU.Build.0 = Debug|Any CPU
		{2A2BFF80-A00E-4143-80F6-1DDCFA4BE167}.Release|Any CPU.ActiveCfg = Release|Any CPU
		{2A2BFF80-A00E-4143-80F6-1DDCFA4BE167}.Release|Any CPU.Build.0 = Release|Any CPU
		{14C567FE-E55A-47A5-ABEF-00D3144DAB5D}.Debug|Any CPU.ActiveCfg = Debug|Any CPU
		{14C567FE-E55A-47A5-ABEF-00D3144DAB5D}.Debug|Any CPU.Build.0 = Debug|Any CPU
		{14C567FE-E55A-47A5-ABEF-00D3144DAB5D}.Release|Any CPU.ActiveCfg = Release|Any CPU
		{14C567FE-E55A-47A5-ABEF-00D3144DAB5D}.Release|Any CPU.Build.0 = Release|Any CPU
	EndGlobalSection
EndGlobal
